// !$*UTF8*$!
{
	archiveVersion = 1;
	classes = {
	};
	objectVersion = 56;
	objects = {

/* Begin PBXBuildFile section */
		C87B37EC2937A9E100A5E74E /* AppDelegate.swift in Sources */ = {isa = PBXBuildFile; fileRef = C87B37EB2937A9E100A5E74E /* AppDelegate.swift */; };
		C87B37EE2937A9E100A5E74E /* SceneDelegate.swift in Sources */ = {isa = PBXBuildFile; fileRef = C87B37ED2937A9E100A5E74E /* SceneDelegate.swift */; };
		C87B37F02937A9E100A5E74E /* ViewController.swift in Sources */ = {isa = PBXBuildFile; fileRef = C87B37EF2937A9E100A5E74E /* ViewController.swift */; };
		C87B37F32937A9E100A5E74E /* Main.storyboard in Resources */ = {isa = PBXBuildFile; fileRef = C87B37F12937A9E100A5E74E /* Main.storyboard */; };
		C87B37F52937A9E100A5E74E /* Assets.xcassets in Resources */ = {isa = PBXBuildFile; fileRef = C87B37F42937A9E100A5E74E /* Assets.xcassets */; };
		C87B37F82937A9E100A5E74E /* LaunchScreen.storyboard in Resources */ = {isa = PBXBuildFile; fileRef = C87B37F62937A9E100A5E74E /* LaunchScreen.storyboard */; };
		C87B38032937A9E200A5E74E /* SymbolRollerTests.swift in Sources */ = {isa = PBXBuildFile; fileRef = C87B38022937A9E200A5E74E /* SymbolRollerTests.swift */; };
		C87B380D2937A9E200A5E74E /* SymbolRollerUITests.swift in Sources */ = {isa = PBXBuildFile; fileRef = C87B380C2937A9E200A5E74E /* SymbolRollerUITests.swift */; };
		C87B380F2937A9E200A5E74E /* SymbolRollerUITestsLaunchTests.swift in Sources */ = {isa = PBXBuildFile; fileRef = C87B380E2937A9E200A5E74E /* SymbolRollerUITestsLaunchTests.swift */; };
/* End PBXBuildFile section */

/* Begin PBXContainerItemProxy section */
		C87B37FF2937A9E200A5E74E /* PBXContainerItemProxy */ = {
			isa = PBXContainerItemProxy;
			containerPortal = C87B37E02937A9E100A5E74E /* Project object */;
			proxyType = 1;
			remoteGlobalIDString = C87B37E72937A9E100A5E74E;
			remoteInfo = SymbolRoller;
		};
		C87B38092937A9E200A5E74E /* PBXContainerItemProxy */ = {
			isa = PBXContainerItemProxy;
			containerPortal = C87B37E02937A9E100A5E74E /* Project object */;
			proxyType = 1;
			remoteGlobalIDString = C87B37E72937A9E100A5E74E;
			remoteInfo = SymbolRoller;
		};
/* End PBXContainerItemProxy section */

/* Begin PBXFileReference section */
		C87B37E82937A9E100A5E74E /* SymbolRoller.app */ = {isa = PBXFileReference; explicitFileType = wrapper.application; includeInIndex = 0; path = SymbolRoller.app; sourceTree = BUILT_PRODUCTS_DIR; };
		C87B37EB2937A9E100A5E74E /* AppDelegate.swift */ = {isa = PBXFileReference; lastKnownFileType = sourcecode.swift; path = AppDelegate.swift; sourceTree = "<group>"; };
		C87B37ED2937A9E100A5E74E /* SceneDelegate.swift */ = {isa = PBXFileReference; lastKnownFileType = sourcecode.swift; path = SceneDelegate.swift; sourceTree = "<group>"; };
		C87B37EF2937A9E100A5E74E /* ViewController.swift */ = {isa = PBXFileReference; lastKnownFileType = sourcecode.swift; path = ViewController.swift; sourceTree = "<group>"; };
		C87B37F22937A9E100A5E74E /* Base */ = {isa = PBXFileReference; lastKnownFileType = file.storyboard; name = Base; path = Base.lproj/Main.storyboard; sourceTree = "<group>"; };
		C87B37F42937A9E100A5E74E /* Assets.xcassets */ = {isa = PBXFileReference; lastKnownFileType = folder.assetcatalog; path = Assets.xcassets; sourceTree = "<group>"; };
		C87B37F72937A9E100A5E74E /* Base */ = {isa = PBXFileReference; lastKnownFileType = file.storyboard; name = Base; path = Base.lproj/LaunchScreen.storyboard; sourceTree = "<group>"; };
		C87B37F92937A9E100A5E74E /* Info.plist */ = {isa = PBXFileReference; lastKnownFileType = text.plist.xml; path = Info.plist; sourceTree = "<group>"; };
		C87B37FE2937A9E200A5E74E /* SymbolRollerTests.xctest */ = {isa = PBXFileReference; explicitFileType = wrapper.cfbundle; includeInIndex = 0; path = SymbolRollerTests.xctest; sourceTree = BUILT_PRODUCTS_DIR; };
		C87B38022937A9E200A5E74E /* SymbolRollerTests.swift */ = {isa = PBXFileReference; lastKnownFileType = sourcecode.swift; path = SymbolRollerTests.swift; sourceTree = "<group>"; };
		C87B38082937A9E200A5E74E /* SymbolRollerUITests.xctest */ = {isa = PBXFileReference; explicitFileType = wrapper.cfbundle; includeInIndex = 0; path = SymbolRollerUITests.xctest; sourceTree = BUILT_PRODUCTS_DIR; };
		C87B380C2937A9E200A5E74E /* SymbolRollerUITests.swift */ = {isa = PBXFileReference; lastKnownFileType = sourcecode.swift; path = SymbolRollerUITests.swift; sourceTree = "<group>"; };
		C87B380E2937A9E200A5E74E /* SymbolRollerUITestsLaunchTests.swift */ = {isa = PBXFileReference; lastKnownFileType = sourcecode.swift; path = SymbolRollerUITestsLaunchTests.swift; sourceTree = "<group>"; };
/* End PBXFileReference section */

/* Begin PBXFrameworksBuildPhase section */
		C87B37E52937A9E100A5E74E /* Frameworks */ = {
			isa = PBXFrameworksBuildPhase;
			buildActionMask = 2147483647;
			files = (
			);
			runOnlyForDeploymentPostprocessing = 0;
		};
		C87B37FB2937A9E200A5E74E /* Frameworks */ = {
			isa = PBXFrameworksBuildPhase;
			buildActionMask = 2147483647;
			files = (
			);
			runOnlyForDeploymentPostprocessing = 0;
		};
		C87B38052937A9E200A5E74E /* Frameworks */ = {
			isa = PBXFrameworksBuildPhase;
			buildActionMask = 2147483647;
			files = (
			);
			runOnlyForDeploymentPostprocessing = 0;
		};
/* End PBXFrameworksBuildPhase section */

/* Begin PBXGroup section */
		C87B37DF2937A9E100A5E74E = {
			isa = PBXGroup;
			children = (
				C87B37EA2937A9E100A5E74E /* SymbolRoller */,
				C87B38012937A9E200A5E74E /* SymbolRollerTests */,
				C87B380B2937A9E200A5E74E /* SymbolRollerUITests */,
				C87B37E92937A9E100A5E74E /* Products */,
			);
			sourceTree = "<group>";
		};
		C87B37E92937A9E100A5E74E /* Products */ = {
			isa = PBXGroup;
			children = (
				C87B37E82937A9E100A5E74E /* SymbolRoller.app */,
				C87B37FE2937A9E200A5E74E /* SymbolRollerTests.xctest */,
				C87B38082937A9E200A5E74E /* SymbolRollerUITests.xctest */,
			);
			name = Products;
			sourceTree = "<group>";
		};
		C87B37EA2937A9E100A5E74E /* SymbolRoller */ = {
			isa = PBXGroup;
			children = (
				C87B37EB2937A9E100A5E74E /* AppDelegate.swift */,
				C87B37ED2937A9E100A5E74E /* SceneDelegate.swift */,
				C87B37EF2937A9E100A5E74E /* ViewController.swift */,
				C87B37F12937A9E100A5E74E /* Main.storyboard */,
				C87B37F42937A9E100A5E74E /* Assets.xcassets */,
				C87B37F62937A9E100A5E74E /* LaunchScreen.storyboard */,
				C87B37F92937A9E100A5E74E /* Info.plist */,
			);
			path = SymbolRoller;
			sourceTree = "<group>";
		};
		C87B38012937A9E200A5E74E /* SymbolRollerTests */ = {
			isa = PBXGroup;
			children = (
				C87B38022937A9E200A5E74E /* SymbolRollerTests.swift */,
			);
			path = SymbolRollerTests;
			sourceTree = "<group>";
		};
		C87B380B2937A9E200A5E74E /* SymbolRollerUITests */ = {
			isa = PBXGroup;
			children = (
				C87B380C2937A9E200A5E74E /* SymbolRollerUITests.swift */,
				C87B380E2937A9E200A5E74E /* SymbolRollerUITestsLaunchTests.swift */,
			);
			path = SymbolRollerUITests;
			sourceTree = "<group>";
		};
/* End PBXGroup section */

/* Begin PBXNativeTarget section */
		C87B37E72937A9E100A5E74E /* SymbolRoller */ = {
			isa = PBXNativeTarget;
			buildConfigurationList = C87B38122937A9E200A5E74E /* Build configuration list for PBXNativeTarget "SymbolRoller" */;
			buildPhases = (
				C87B37E42937A9E100A5E74E /* Sources */,
				C87B37E52937A9E100A5E74E /* Frameworks */,
				C87B37E62937A9E100A5E74E /* Resources */,
			);
			buildRules = (
			);
			dependencies = (
			);
			name = SymbolRoller;
			productName = SymbolRoller;
			productReference = C87B37E82937A9E100A5E74E /* SymbolRoller.app */;
			productType = "com.apple.product-type.application";
		};
		C87B37FD2937A9E200A5E74E /* SymbolRollerTests */ = {
			isa = PBXNativeTarget;
			buildConfigurationList = C87B38152937A9E200A5E74E /* Build configuration list for PBXNativeTarget "SymbolRollerTests" */;
			buildPhases = (
				C87B37FA2937A9E200A5E74E /* Sources */,
				C87B37FB2937A9E200A5E74E /* Frameworks */,
				C87B37FC2937A9E200A5E74E /* Resources */,
			);
			buildRules = (
			);
			dependencies = (
				C87B38002937A9E200A5E74E /* PBXTargetDependency */,
			);
			name = SymbolRollerTests;
			productName = SymbolRollerTests;
			productReference = C87B37FE2937A9E200A5E74E /* SymbolRollerTests.xctest */;
			productType = "com.apple.product-type.bundle.unit-test";
		};
		C87B38072937A9E200A5E74E /* SymbolRollerUITests */ = {
			isa = PBXNativeTarget;
			buildConfigurationList = C87B38182937A9E200A5E74E /* Build configuration list for PBXNativeTarget "SymbolRollerUITests" */;
			buildPhases = (
				C87B38042937A9E200A5E74E /* Sources */,
				C87B38052937A9E200A5E74E /* Frameworks */,
				C87B38062937A9E200A5E74E /* Resources */,
			);
			buildRules = (
			);
			dependencies = (
				C87B380A2937A9E200A5E74E /* PBXTargetDependency */,
			);
			name = SymbolRollerUITests;
			productName = SymbolRollerUITests;
			productReference = C87B38082937A9E200A5E74E /* SymbolRollerUITests.xctest */;
			productType = "com.apple.product-type.bundle.ui-testing";
		};
/* End PBXNativeTarget section */

/* Begin PBXProject section */
		C87B37E02937A9E100A5E74E /* Project object */ = {
			isa = PBXProject;
			attributes = {
				BuildIndependentTargetsInParallel = 1;
				LastSwiftUpdateCheck = 1410;
				LastUpgradeCheck = 1410;
				TargetAttributes = {
					C87B37E72937A9E100A5E74E = {
						CreatedOnToolsVersion = 14.1;
					};
					C87B37FD2937A9E200A5E74E = {
						CreatedOnToolsVersion = 14.1;
						TestTargetID = C87B37E72937A9E100A5E74E;
					};
					C87B38072937A9E200A5E74E = {
						CreatedOnToolsVersion = 14.1;
						TestTargetID = C87B37E72937A9E100A5E74E;
					};
				};
			};
			buildConfigurationList = C87B37E32937A9E100A5E74E /* Build configuration list for PBXProject "SymbolRoller" */;
			compatibilityVersion = "Xcode 14.0";
			developmentRegion = en;
			hasScannedForEncodings = 0;
			knownRegions = (
				en,
				Base,
			);
			mainGroup = C87B37DF2937A9E100A5E74E;
			productRefGroup = C87B37E92937A9E100A5E74E /* Products */;
			projectDirPath = "";
			projectRoot = "";
			targets = (
				C87B37E72937A9E100A5E74E /* SymbolRoller */,
				C87B37FD2937A9E200A5E74E /* SymbolRollerTests */,
				C87B38072937A9E200A5E74E /* SymbolRollerUITests */,
			);
		};
/* End PBXProject section */

/* Begin PBXResourcesBuildPhase section */
		C87B37E62937A9E100A5E74E /* Resources */ = {
			isa = PBXResourcesBuildPhase;
			buildActionMask = 2147483647;
			files = (
				C87B37F82937A9E100A5E74E /* LaunchScreen.storyboard in Resources */,
				C87B37F52937A9E100A5E74E /* Assets.xcassets in Resources */,
				C87B37F32937A9E100A5E74E /* Main.storyboard in Resources */,
			);
			runOnlyForDeploymentPostprocessing = 0;
		};
		C87B37FC2937A9E200A5E74E /* Resources */ = {
			isa = PBXResourcesBuildPhase;
			buildActionMask = 2147483647;
			files = (
			);
			runOnlyForDeploymentPostprocessing = 0;
		};
		C87B38062937A9E200A5E74E /* Resources */ = {
			isa = PBXResourcesBuildPhase;
			buildActionMask = 2147483647;
			files = (
			);
			runOnlyForDeploymentPostprocessing = 0;
		};
/* End PBXResourcesBuildPhase section */

/* Begin PBXSourcesBuildPhase section */
		C87B37E42937A9E100A5E74E /* Sources */ = {
			isa = PBXSourcesBuildPhase;
			buildActionMask = 2147483647;
			files = (
				C87B37F02937A9E100A5E74E /* ViewController.swift in Sources */,
				C87B37EC2937A9E100A5E74E /* AppDelegate.swift in Sources */,
				C87B37EE2937A9E100A5E74E /* SceneDelegate.swift in Sources */,
			);
			runOnlyForDeploymentPostprocessing = 0;
		};
		C87B37FA2937A9E200A5E74E /* Sources */ = {
			isa = PBXSourcesBuildPhase;
			buildActionMask = 2147483647;
			files = (
				C87B38032937A9E200A5E74E /* SymbolRollerTests.swift in Sources */,
			);
			runOnlyForDeploymentPostprocessing = 0;
		};
		C87B38042937A9E200A5E74E /* Sources */ = {
			isa = PBXSourcesBuildPhase;
			buildActionMask = 2147483647;
			files = (
				C87B380F2937A9E200A5E74E /* SymbolRollerUITestsLaunchTests.swift in Sources */,
				C87B380D2937A9E200A5E74E /* SymbolRollerUITests.swift in Sources */,
			);
			runOnlyForDeploymentPostprocessing = 0;
		};
/* End PBXSourcesBuildPhase section */

/* Begin PBXTargetDependency section */
		C87B38002937A9E200A5E74E /* PBXTargetDependency */ = {
			isa = PBXTargetDependency;
			target = C87B37E72937A9E100A5E74E /* SymbolRoller */;
			targetProxy = C87B37FF2937A9E200A5E74E /* PBXContainerItemProxy */;
		};
		C87B380A2937A9E200A5E74E /* PBXTargetDependency */ = {
			isa = PBXTargetDependency;
			target = C87B37E72937A9E100A5E74E /* SymbolRoller */;
			targetProxy = C87B38092937A9E200A5E74E /* PBXContainerItemProxy */;
		};
/* End PBXTargetDependency section */

/* Begin PBXVariantGroup section */
		C87B37F12937A9E100A5E74E /* Main.storyboard */ = {
			isa = PBXVariantGroup;
			children = (
				C87B37F22937A9E100A5E74E /* Base */,
			);
			name = Main.storyboard;
			sourceTree = "<group>";
		};
		C87B37F62937A9E100A5E74E /* LaunchScreen.storyboard */ = {
			isa = PBXVariantGroup;
			children = (
				C87B37F72937A9E100A5E74E /* Base */,
			);
			name = LaunchScreen.storyboard;
			sourceTree = "<group>";
		};
/* End PBXVariantGroup section */

/* Begin XCBuildConfiguration section */
		C87B38102937A9E200A5E74E /* Debug */ = {
			isa = XCBuildConfiguration;
			buildSettings = {
				ALWAYS_SEARCH_USER_PATHS = NO;
				CLANG_ANALYZER_NONNULL = YES;
				CLANG_ANALYZER_NUMBER_OBJECT_CONVERSION = YES_AGGRESSIVE;
				CLANG_CXX_LANGUAGE_STANDARD = "gnu++20";
				CLANG_ENABLE_MODULES = YES;
				CLANG_ENABLE_OBJC_ARC = YES;
				CLANG_ENABLE_OBJC_WEAK = YES;
				CLANG_WARN_BLOCK_CAPTURE_AUTORELEASING = YES;
				CLANG_WARN_BOOL_CONVERSION = YES;
				CLANG_WARN_COMMA = YES;
				CLANG_WARN_CONSTANT_CONVERSION = YES;
				CLANG_WARN_DEPRECATED_OBJC_IMPLEMENTATIONS = YES;
				CLANG_WARN_DIRECT_OBJC_ISA_USAGE = YES_ERROR;
				CLANG_WARN_DOCUMENTATION_COMMENTS = YES;
				CLANG_WARN_EMPTY_BODY = YES;
				CLANG_WARN_ENUM_CONVERSION = YES;
				CLANG_WARN_INFINITE_RECURSION = YES;
				CLANG_WARN_INT_CONVERSION = YES;
				CLANG_WARN_NON_LITERAL_NULL_CONVERSION = YES;
				CLANG_WARN_OBJC_IMPLICIT_RETAIN_SELF = YES;
				CLANG_WARN_OBJC_LITERAL_CONVERSION = YES;
				CLANG_WARN_OBJC_ROOT_CLASS = YES_ERROR;
				CLANG_WARN_QUOTED_INCLUDE_IN_FRAMEWORK_HEADER = YES;
				CLANG_WARN_RANGE_LOOP_ANALYSIS = YES;
				CLANG_WARN_STRICT_PROTOTYPES = YES;
				CLANG_WARN_SUSPICIOUS_MOVE = YES;
				CLANG_WARN_UNGUARDED_AVAILABILITY = YES_AGGRESSIVE;
				CLANG_WARN_UNREACHABLE_CODE = YES;
				CLANG_WARN__DUPLICATE_METHOD_MATCH = YES;
				COPY_PHASE_STRIP = NO;
				DEBUG_INFORMATION_FORMAT = dwarf;
				ENABLE_STRICT_OBJC_MSGSEND = YES;
				ENABLE_TESTABILITY = YES;
				GCC_C_LANGUAGE_STANDARD = gnu11;
				GCC_DYNAMIC_NO_PIC = NO;
				GCC_NO_COMMON_BLOCKS = YES;
				GCC_OPTIMIZATION_LEVEL = 0;
				GCC_PREPROCESSOR_DEFINITIONS = (
					"DEBUG=1",
					"$(inherited)",
				);
				GCC_WARN_64_TO_32_BIT_CONVERSION = YES;
				GCC_WARN_ABOUT_RETURN_TYPE = YES_ERROR;
				GCC_WARN_UNDECLARED_SELECTOR = YES;
				GCC_WARN_UNINITIALIZED_AUTOS = YES_AGGRESSIVE;
				GCC_WARN_UNUSED_FUNCTION = YES;
				GCC_WARN_UNUSED_VARIABLE = YES;
				IPHONEOS_DEPLOYMENT_TARGET = 16.1;
				MTL_ENABLE_DEBUG_INFO = INCLUDE_SOURCE;
				MTL_FAST_MATH = YES;
				ONLY_ACTIVE_ARCH = YES;
				SDKROOT = iphoneos;
				SWIFT_ACTIVE_COMPILATION_CONDITIONS = DEBUG;
				SWIFT_OPTIMIZATION_LEVEL = "-Onone";
			};
			name = Debug;
		};
		C87B38112937A9E200A5E74E /* Release */ = {
			isa = XCBuildConfiguration;
			buildSettings = {
				ALWAYS_SEARCH_USER_PATHS = NO;
				CLANG_ANALYZER_NONNULL = YES;
				CLANG_ANALYZER_NUMBER_OBJECT_CONVERSION = YES_AGGRESSIVE;
				CLANG_CXX_LANGUAGE_STANDARD = "gnu++20";
				CLANG_ENABLE_MODULES = YES;
				CLANG_ENABLE_OBJC_ARC = YES;
				CLANG_ENABLE_OBJC_WEAK = YES;
				CLANG_WARN_BLOCK_CAPTURE_AUTORELEASING = YES;
				CLANG_WARN_BOOL_CONVERSION = YES;
				CLANG_WARN_COMMA = YES;
				CLANG_WARN_CONSTANT_CONVERSION = YES;
				CLANG_WARN_DEPRECATED_OBJC_IMPLEMENTATIONS = YES;
				CLANG_WARN_DIRECT_OBJC_ISA_USAGE = YES_ERROR;
				CLANG_WARN_DOCUMENTATION_COMMENTS = YES;
				CLANG_WARN_EMPTY_BODY = YES;
				CLANG_WARN_ENUM_CONVERSION = YES;
				CLANG_WARN_INFINITE_RECURSION = YES;
				CLANG_WARN_INT_CONVERSION = YES;
				CLANG_WARN_NON_LITERAL_NULL_CONVERSION = YES;
				CLANG_WARN_OBJC_IMPLICIT_RETAIN_SELF = YES;
				CLANG_WARN_OBJC_LITERAL_CONVERSION = YES;
				CLANG_WARN_OBJC_ROOT_CLASS = YES_ERROR;
				CLANG_WARN_QUOTED_INCLUDE_IN_FRAMEWORK_HEADER = YES;
				CLANG_WARN_RANGE_LOOP_ANALYSIS = YES;
				CLANG_WARN_STRICT_PROTOTYPES = YES;
				CLANG_WARN_SUSPICIOUS_MOVE = YES;
				CLANG_WARN_UNGUARDED_AVAILABILITY = YES_AGGRESSIVE;
				CLANG_WARN_UNREACHABLE_CODE = YES;
				CLANG_WARN__DUPLICATE_METHOD_MATCH = YES;
				COPY_PHASE_STRIP = NO;
				DEBUG_INFORMATION_FORMAT = "dwarf-with-dsym";
				ENABLE_NS_ASSERTIONS = NO;
				ENABLE_STRICT_OBJC_MSGSEND = YES;
				GCC_C_LANGUAGE_STANDARD = gnu11;
				GCC_NO_COMMON_BLOCKS = YES;
				GCC_WARN_64_TO_32_BIT_CONVERSION = YES;
				GCC_WARN_ABOUT_RETURN_TYPE = YES_ERROR;
				GCC_WARN_UNDECLARED_SELECTOR = YES;
				GCC_WARN_UNINITIALIZED_AUTOS = YES_AGGRESSIVE;
				GCC_WARN_UNUSED_FUNCTION = YES;
				GCC_WARN_UNUSED_VARIABLE = YES;
				IPHONEOS_DEPLOYMENT_TARGET = 16.1;
				MTL_ENABLE_DEBUG_INFO = NO;
				MTL_FAST_MATH = YES;
				SDKROOT = iphoneos;
				SWIFT_COMPILATION_MODE = wholemodule;
				SWIFT_OPTIMIZATION_LEVEL = "-O";
				VALIDATE_PRODUCT = YES;
			};
			name = Release;
		};
		C87B38132937A9E200A5E74E /* Debug */ = {
			isa = XCBuildConfiguration;
			buildSettings = {
				ASSETCATALOG_COMPILER_APPICON_NAME = AppIcon;
				ASSETCATALOG_COMPILER_GLOBAL_ACCENT_COLOR_NAME = AccentColor;
				CODE_SIGN_STYLE = Automatic;
				CURRENT_PROJECT_VERSION = 1;
				DEVELOPMENT_TEAM = M6VCPRBVDM;
				GENERATE_INFOPLIST_FILE = YES;
				INFOPLIST_FILE = SymbolRoller/Info.plist;
				INFOPLIST_KEY_UIApplicationSupportsIndirectInputEvents = YES;
				INFOPLIST_KEY_UILaunchStoryboardName = LaunchScreen;
				INFOPLIST_KEY_UIMainStoryboardFile = Main;
				INFOPLIST_KEY_UISupportedInterfaceOrientations_iPad = "UIInterfaceOrientationPortrait UIInterfaceOrientationPortraitUpsideDown UIInterfaceOrientationLandscapeLeft UIInterfaceOrientationLandscapeRight";
				INFOPLIST_KEY_UISupportedInterfaceOrientations_iPhone = "UIInterfaceOrientationPortrait UIInterfaceOrientationLandscapeLeft UIInterfaceOrientationLandscapeRight";
				LD_RUNPATH_SEARCH_PATHS = (
					"$(inherited)",
					"@executable_path/Frameworks",
				);
				MARKETING_VERSION = 1.0;
				PRODUCT_BUNDLE_IDENTIFIER = kr.co.bullets.SymbolRoller;
				PRODUCT_NAME = "$(TARGET_NAME)";
				SWIFT_EMIT_LOC_STRINGS = YES;
				SWIFT_VERSION = 5.0;
				TARGETED_DEVICE_FAMILY = "1,2";
			};
			name = Debug;
		};
		C87B38142937A9E200A5E74E /* Release */ = {
			isa = XCBuildConfiguration;
			buildSettings = {
				ASSETCATALOG_COMPILER_APPICON_NAME = AppIcon;
				ASSETCATALOG_COMPILER_GLOBAL_ACCENT_COLOR_NAME = AccentColor;
				CODE_SIGN_STYLE = Automatic;
				CURRENT_PROJECT_VERSION = 1;
				DEVELOPMENT_TEAM = M6VCPRBVDM;
				GENERATE_INFOPLIST_FILE = YES;
				INFOPLIST_FILE = SymbolRoller/Info.plist;
				INFOPLIST_KEY_UIApplicationSupportsIndirectInputEvents = YES;
				INFOPLIST_KEY_UILaunchStoryboardName = LaunchScreen;
				INFOPLIST_KEY_UIMainStoryboardFile = Main;
				INFOPLIST_KEY_UISupportedInterfaceOrientations_iPad = "UIInterfaceOrientationPortrait UIInterfaceOrientationPortraitUpsideDown UIInterfaceOrientationLandscapeLeft UIInterfaceOrientationLandscapeRight";
				INFOPLIST_KEY_UISupportedInterfaceOrientations_iPhone = "UIInterfaceOrientationPortrait UIInterfaceOrientationLandscapeLeft UIInterfaceOrientationLandscapeRight";
				LD_RUNPATH_SEARCH_PATHS = (
					"$(inherited)",
					"@executable_path/Frameworks",
				);
				MARKETING_VERSION = 1.0;
				PRODUCT_BUNDLE_IDENTIFIER = kr.co.bullets.SymbolRoller;
				PRODUCT_NAME = "$(TARGET_NAME)";
				SWIFT_EMIT_LOC_STRINGS = YES;
				SWIFT_VERSION = 5.0;
				TARGETED_DEVICE_FAMILY = "1,2";
			};
			name = Release;
		};
		C87B38162937A9E200A5E74E /* Debug */ = {
			isa = XCBuildConfiguration;
			buildSettings = {
				ALWAYS_EMBED_SWIFT_STANDARD_LIBRARIES = YES;
				BUNDLE_LOADER = "$(TEST_HOST)";
				CODE_SIGN_STYLE = Automatic;
				CURRENT_PROJECT_VERSION = 1;
				DEVELOPMENT_TEAM = M6VCPRBVDM;
				GENERATE_INFOPLIST_FILE = YES;
				IPHONEOS_DEPLOYMENT_TARGET = 16.1;
				MARKETING_VERSION = 1.0;
				PRODUCT_BUNDLE_IDENTIFIER = kr.co.bullets.SymbolRollerTests;
				PRODUCT_NAME = "$(TARGET_NAME)";
				SWIFT_EMIT_LOC_STRINGS = NO;
				SWIFT_VERSION = 5.0;
				TARGETED_DEVICE_FAMILY = "1,2";
				TEST_HOST = "$(BUILT_PRODUCTS_DIR)/SymbolRoller.app/$(BUNDLE_EXECUTABLE_FOLDER_PATH)/SymbolRoller";
			};
			name = Debug;
		};
		C87B38172937A9E200A5E74E /* Release */ = {
			isa = XCBuildConfiguration;
			buildSettings = {
				ALWAYS_EMBED_SWIFT_STANDARD_LIBRARIES = YES;
				BUNDLE_LOADER = "$(TEST_HOST)";
				CODE_SIGN_STYLE = Automatic;
				CURRENT_PROJECT_VERSION = 1;
				DEVELOPMENT_TEAM = M6VCPRBVDM;
				GENERATE_INFOPLIST_FILE = YES;
				IPHONEOS_DEPLOYMENT_TARGET = 16.1;
				MARKETING_VERSION = 1.0;
				PRODUCT_BUNDLE_IDENTIFIER = kr.co.bullets.SymbolRollerTests;
				PRODUCT_NAME = "$(TARGET_NAME)";
				SWIFT_EMIT_LOC_STRINGS = NO;
				SWIFT_VERSION = 5.0;
				TARGETED_DEVICE_FAMILY = "1,2";
				TEST_HOST = "$(BUILT_PRODUCTS_DIR)/SymbolRoller.app/$(BUNDLE_EXECUTABLE_FOLDER_PATH)/SymbolRoller";
			};
			name = Release;
		};
		C87B38192937A9E200A5E74E /* Debug */ = {
			isa = XCBuildConfiguration;
			buildSettings = {
				ALWAYS_EMBED_SWIFT_STANDARD_LIBRARIES = YES;
				CODE_SIGN_STYLE = Automatic;
				CURRENT_PROJECT_VERSION = 1;
				DEVELOPMENT_TEAM = M6VCPRBVDM;
				GENERATE_INFOPLIST_FILE = YES;
				MARKETING_VERSION = 1.0;
				PRODUCT_BUNDLE_IDENTIFIER = kr.co.bullets.SymbolRollerUITests;
				PRODUCT_NAME = "$(TARGET_NAME)";
				SWIFT_EMIT_LOC_STRINGS = NO;
				SWIFT_VERSION = 5.0;
				TARGETED_DEVICE_FAMILY = "1,2";
				TEST_TARGET_NAME = SymbolRoller;
			};
			name = Debug;
		};
		C87B381A2937A9E200A5E74E /* Release */ = {
			isa = XCBuildConfiguration;
			buildSettings = {
				ALWAYS_EMBED_SWIFT_STANDARD_LIBRARIES = YES;
				CODE_SIGN_STYLE = Automatic;
				CURRENT_PROJECT_VERSION = 1;
				DEVELOPMENT_TEAM = M6VCPRBVDM;
				GENERATE_INFOPLIST_FILE = YES;
				MARKETING_VERSION = 1.0;
				PRODUCT_BUNDLE_IDENTIFIER = kr.co.bullets.SymbolRollerUITests;
				PRODUCT_NAME = "$(TARGET_NAME)";
				SWIFT_EMIT_LOC_STRINGS = NO;
				SWIFT_VERSION = 5.0;
				TARGETED_DEVICE_FAMILY = "1,2";
				TEST_TARGET_NAME = SymbolRoller;
			};
			name = Release;
		};
/* End XCBuildConfiguration section */

/* Begin XCConfigurationList section */
		C87B37E32937A9E100A5E74E /* Build configuration list for PBXProject "SymbolRoller" */ = {
			isa = XCConfigurationList;
			buildConfigurations = (
				C87B38102937A9E200A5E74E /* Debug */,
				C87B38112937A9E200A5E74E /* Release */,
			);
			defaultConfigurationIsVisible = 0;
			defaultConfigurationName = Release;
		};
		C87B38122937A9E200A5E74E /* Build configuration list for PBXNativeTarget "SymbolRoller" */ = {
			isa = XCConfigurationList;
			buildConfigurations = (
				C87B38132937A9E200A5E74E /* Debug */,
				C87B38142937A9E200A5E74E /* Release */,
			);
			defaultConfigurationIsVisible = 0;
			defaultConfigurationName = Release;
		};
		C87B38152937A9E200A5E74E /* Build configuration list for PBXNativeTarget "SymbolRollerTests" */ = {
			isa = XCConfigurationList;
			buildConfigurations = (
				C87B38162937A9E200A5E74E /* Debug */,
				C87B38172937A9E200A5E74E /* Release */,
			);
			defaultConfigurationIsVisible = 0;
			defaultConfigurationName = Release;
		};
		C87B38182937A9E200A5E74E /* Build configuration list for PBXNativeTarget "SymbolRollerUITests" */ = {
			isa = XCConfigurationList;
			buildConfigurations = (
				C87B38192937A9E200A5E74E /* Debug */,
				C87B381A2937A9E200A5E74E /* Release */,
			);
			defaultConfigurationIsVisible = 0;
			defaultConfigurationName = Release;
		};
/* End XCConfigurationList section */
	};
	rootObject = C87B37E02937A9E100A5E74E /* Project object */;
}
